Microsoft Visual Studio Solution File, Format Version 11.00
# Visual Studio 2008

Project("{E96436A1-6193-94C4-19D4-A8752A7A8FBB}") = "GGJ", "Assembly-CSharp-firstpass-vs.csproj", "{EA241BA8-0F8E-9991-4019-56462EA50401}"
EndProject
Project("{E96436A1-6193-94C4-19D4-A8752A7A8FBB}") = "GGJ", "Assembly-CSharp-vs.csproj", "{057079C0-A49F-1AF7-578C-B15EB585F1AB}"
EndProject
Global
	GlobalSection(SolutionConfigurationPlatforms) = preSolution
		Debug|Any CPU = Debug|Any CPU
		Release|Any CPU = Release|Any CPU
	EndGlobalSection
	GlobalSection(ProjectConfigurationPlatforms) = postSolution
		{EA241BA8-0F8E-9991-4019-56462EA50401}.Debug|Any CPU.ActiveCfg = Debug|Any CPU
		{EA241BA8-0F8E-9991-4019-56462EA50401}.Debug|Any CPU.Build.0 = Debug|Any CPU
		{EA241BA8-0F8E-9991-4019-56462EA50401}.Release|Any CPU.ActiveCfg = Release|Any CPU
		{EA241BA8-0F8E-9991-4019-56462EA50401}.Release|Any CPU.Build.0 = Release|Any CPU
		{057079C0-A49F-1AF7-578C-B15EB585F1AB}.Debug|Any CPU.ActiveCfg = Debug|Any CPU
		{057079C0-A49F-1AF7-578C-B15EB585F1AB}.Debug|Any CPU.Build.0 = Debug|Any CPU
		{057079C0-A49F-1AF7-578C-B15EB585F1AB}.Release|Any CPU.ActiveCfg = Release|Any CPU
		{057079C0-A49F-1AF7-578C-B15EB585F1AB}.Release|Any CPU.Build.0 = Release|Any CPU
	EndGlobalSection
	GlobalSection(SolutionProperties) = preSolution
		HideSolutionNode = FALSE
	EndGlobalSection
																																																																							GlobalSection(MonoDevelopProperties) = preSolution
		StartupItem = Assembly-CSharp.csproj
		Policies = $0
		$0.TextStylePolicy = $1
		$1.inheritsSet = null
		$1.scope = text/x-csharp
		$0.CSharpFormattingPolicy = $2
		$2.inheritsSet = Mono
		$2.inheritsScope = text/x-csharp
		$2.scope = text/x-csharp
		$0.TextStylePolicy = $3
		$3.FileWidth = 120
		$3.TabWidth = 4
		$3.EolMarker = Unix
		$3.inheritsSet = Mono
		$3.inheritsScope = text/plain
		$3.scope = text/plain
	EndGlobalSection

EndGlobal
