Microsoft Visual Studio Solution File, Format Version 11.00
# Visual Studio 2008

Project("{C241992A-4382-CD49-D20B-0059078AC2F4}") = "little_red_in_the_hood", "Assembly-CSharp.csproj", "{F8801344-25F7-59ED-F606-6109E8ED9185}"
EndProject
Project("{C241992A-4382-CD49-D20B-0059078AC2F4}") = "little_red_in_the_hood", "Assembly-CSharp-Editor.csproj", "{AB48DD42-6D98-C1A9-5B56-7C677A34FA3F}"
EndProject
Project("{C241992A-4382-CD49-D20B-0059078AC2F4}") = "little_red_in_the_hood", "Assembly-UnityScript.unityproj", "{ECDFE77D-68BA-B709-9011-F43109C7DDDC}"
EndProject
Global
	GlobalSection(SolutionConfigurationPlatforms) = preSolution
		Debug|Any CPU = Debug|Any CPU
		Release|Any CPU = Release|Any CPU
	EndGlobalSection
	GlobalSection(ProjectConfigurationPlatforms) = postSolution
		{F8801344-25F7-59ED-F606-6109E8ED9185}.Debug|Any CPU.ActiveCfg = Debug|Any CPU
		{F8801344-25F7-59ED-F606-6109E8ED9185}.Debug|Any CPU.Build.0 = Debug|Any CPU
		{F8801344-25F7-59ED-F606-6109E8ED9185}.Release|Any CPU.ActiveCfg = Release|Any CPU
		{F8801344-25F7-59ED-F606-6109E8ED9185}.Release|Any CPU.Build.0 = Release|Any CPU
		{AB48DD42-6D98-C1A9-5B56-7C677A34FA3F}.Debug|Any CPU.ActiveCfg = Debug|Any CPU
		{AB48DD42-6D98-C1A9-5B56-7C677A34FA3F}.Debug|Any CPU.Build.0 = Debug|Any CPU
		{AB48DD42-6D98-C1A9-5B56-7C677A34FA3F}.Release|Any CPU.ActiveCfg = Release|Any CPU
		{AB48DD42-6D98-C1A9-5B56-7C677A34FA3F}.Release|Any CPU.Build.0 = Release|Any CPU
		{ECDFE77D-68BA-B709-9011-F43109C7DDDC}.Debug|Any CPU.ActiveCfg = Debug|Any CPU
		{ECDFE77D-68BA-B709-9011-F43109C7DDDC}.Debug|Any CPU.Build.0 = Debug|Any CPU
		{ECDFE77D-68BA-B709-9011-F43109C7DDDC}.Release|Any CPU.ActiveCfg = Release|Any CPU
		{ECDFE77D-68BA-B709-9011-F43109C7DDDC}.Release|Any CPU.Build.0 = Release|Any CPU
	EndGlobalSection
	GlobalSection(SolutionProperties) = preSolution
		HideSolutionNode = FALSE
	EndGlobalSection
																																																																																																GlobalSection(MonoDevelopProperties) = preSolution
		StartupItem = Assembly-CSharp.csproj
		Policies = $0
		$0.TextStylePolicy = $1
		$1.inheritsSet = null
		$1.scope = text/x-csharp
		$0.CSharpFormattingPolicy = $2
		$2.inheritsSet = Mono
		$2.inheritsScope = text/x-csharp
		$2.scope = text/x-csharp
		$0.TextStylePolicy = $3
		$3.FileWidth = 120
		$3.TabWidth = 4
		$3.EolMarker = Unix
		$3.inheritsSet = Mono
		$3.inheritsScope = text/plain
		$3.scope = text/plain
	EndGlobalSection

EndGlobal
